
Microsoft Visual Studio Solution File, Format Version 12.00
Project("{FAE04EC0-301F-11D3-BF4B-00C04F79EFBC}") = "Delegate_01", "Delegate_01\Delegate_01.csproj", "{2C6A965B-F290-45B7-B360-EAC0F354407D}"
EndProject
Project("{FAE04EC0-301F-11D3-BF4B-00C04F79EFBC}") = "Delegate_02", "Delegate_02\Delegate_02.csproj", "{B0F90F74-3AC8-4C4D-8B60-076E76286D16}"
EndProject
Project("{FAE04EC0-301F-11D3-BF4B-00C04F79EFBC}") = "Delegate_03", "Delegate_03\Delegate_03.csproj", "{150913A7-210D-4823-A7C2-E4493F47E4E4}"
EndProject
Project("{FAE04EC0-301F-11D3-BF4B-00C04F79EFBC}") = "Linq_1", "Linq_1\Linq_1.csproj", "{722B824B-F58C-4C89-B8FA-80F2B1AA25BE}"
EndProject
Project("{FAE04EC0-301F-11D3-BF4B-00C04F79EFBC}") = "Async_Await", "TPL_Async_Await\Async_Await.csproj", "{59C2EE5A-D431-49A8-9384-DB1221463556}"
EndProject
Project("{2150E333-8FDC-42A3-9474-1A3956D46DE8}") = "01_Delegates_Lambdas", "01_Delegates_Lambdas", "{BD719077-4153-4236-BAEE-7EF571CC0989}"
EndProject
Project("{2150E333-8FDC-42A3-9474-1A3956D46DE8}") = "02_LINQ", "02_LINQ", "{6DFED109-738A-4ECA-A344-3A1054C95C51}"
EndProject
Project("{2150E333-8FDC-42A3-9474-1A3956D46DE8}") = "03_Async_Await", "03_Async_Await", "{0E5E1D75-D6D8-4297-B030-FAD395F64DA3}"
EndProject
Project("{2150E333-8FDC-42A3-9474-1A3956D46DE8}") = "04_DiContainer_01", "04_DiContainer_01", "{86B490A2-0D00-4F49-A44B-BBB2E877DA1F}"
EndProject
Project("{FAE04EC0-301F-11D3-BF4B-00C04F79EFBC}") = "App", "App\App.csproj", "{ED9A5DCC-88B8-4BA4-8446-470A9732FAAF}"
EndProject
Project("{FAE04EC0-301F-11D3-BF4B-00C04F79EFBC}") = "Core", "Core\Core.csproj", "{B560C1CB-B630-413B-8235-86AE215F887F}"
EndProject
Project("{FAE04EC0-301F-11D3-BF4B-00C04F79EFBC}") = "Persistence", "Persistence\Persistence.csproj", "{A4343566-8139-4965-B7E1-8359733EB293}"
EndProject
Global
	GlobalSection(SolutionConfigurationPlatforms) = preSolution
		Debug|Any CPU = Debug|Any CPU
		Release|Any CPU = Release|Any CPU
	EndGlobalSection
	GlobalSection(ProjectConfigurationPlatforms) = postSolution
		{2C6A965B-F290-45B7-B360-EAC0F354407D}.Debug|Any CPU.ActiveCfg = Debug|Any CPU
		{2C6A965B-F290-45B7-B360-EAC0F354407D}.Debug|Any CPU.Build.0 = Debug|Any CPU
		{2C6A965B-F290-45B7-B360-EAC0F354407D}.Release|Any CPU.ActiveCfg = Release|Any CPU
		{2C6A965B-F290-45B7-B360-EAC0F354407D}.Release|Any CPU.Build.0 = Release|Any CPU
		{B0F90F74-3AC8-4C4D-8B60-076E76286D16}.Debug|Any CPU.ActiveCfg = Debug|Any CPU
		{B0F90F74-3AC8-4C4D-8B60-076E76286D16}.Debug|Any CPU.Build.0 = Debug|Any CPU
		{B0F90F74-3AC8-4C4D-8B60-076E76286D16}.Release|Any CPU.ActiveCfg = Release|Any CPU
		{B0F90F74-3AC8-4C4D-8B60-076E76286D16}.Release|Any CPU.Build.0 = Release|Any CPU
		{150913A7-210D-4823-A7C2-E4493F47E4E4}.Debug|Any CPU.ActiveCfg = Debug|Any CPU
		{150913A7-210D-4823-A7C2-E4493F47E4E4}.Debug|Any CPU.Build.0 = Debug|Any CPU
		{150913A7-210D-4823-A7C2-E4493F47E4E4}.Release|Any CPU.ActiveCfg = Release|Any CPU
		{150913A7-210D-4823-A7C2-E4493F47E4E4}.Release|Any CPU.Build.0 = Release|Any CPU
		{722B824B-F58C-4C89-B8FA-80F2B1AA25BE}.Debug|Any CPU.ActiveCfg = Debug|Any CPU
		{722B824B-F58C-4C89-B8FA-80F2B1AA25BE}.Debug|Any CPU.Build.0 = Debug|Any CPU
		{722B824B-F58C-4C89-B8FA-80F2B1AA25BE}.Release|Any CPU.ActiveCfg = Release|Any CPU
		{722B824B-F58C-4C89-B8FA-80F2B1AA25BE}.Release|Any CPU.Build.0 = Release|Any CPU
		{59C2EE5A-D431-49A8-9384-DB1221463556}.Debug|Any CPU.ActiveCfg = Debug|Any CPU
		{59C2EE5A-D431-49A8-9384-DB1221463556}.Debug|Any CPU.Build.0 = Debug|Any CPU
		{59C2EE5A-D431-49A8-9384-DB1221463556}.Release|Any CPU.ActiveCfg = Release|Any CPU
		{59C2EE5A-D431-49A8-9384-DB1221463556}.Release|Any CPU.Build.0 = Release|Any CPU
		{ED9A5DCC-88B8-4BA4-8446-470A9732FAAF}.Debug|Any CPU.ActiveCfg = Debug|Any CPU
		{ED9A5DCC-88B8-4BA4-8446-470A9732FAAF}.Debug|Any CPU.Build.0 = Debug|Any CPU
		{ED9A5DCC-88B8-4BA4-8446-470A9732FAAF}.Release|Any CPU.ActiveCfg = Release|Any CPU
		{ED9A5DCC-88B8-4BA4-8446-470A9732FAAF}.Release|Any CPU.Build.0 = Release|Any CPU
		{B560C1CB-B630-413B-8235-86AE215F887F}.Debug|Any CPU.ActiveCfg = Debug|Any CPU
		{B560C1CB-B630-413B-8235-86AE215F887F}.Debug|Any CPU.Build.0 = Debug|Any CPU
		{B560C1CB-B630-413B-8235-86AE215F887F}.Release|Any CPU.ActiveCfg = Release|Any CPU
		{B560C1CB-B630-413B-8235-86AE215F887F}.Release|Any CPU.Build.0 = Release|Any CPU
		{A4343566-8139-4965-B7E1-8359733EB293}.Debug|Any CPU.ActiveCfg = Debug|Any CPU
		{A4343566-8139-4965-B7E1-8359733EB293}.Debug|Any CPU.Build.0 = Debug|Any CPU
		{A4343566-8139-4965-B7E1-8359733EB293}.Release|Any CPU.ActiveCfg = Release|Any CPU
		{A4343566-8139-4965-B7E1-8359733EB293}.Release|Any CPU.Build.0 = Release|Any CPU
	EndGlobalSection
	GlobalSection(NestedProjects) = preSolution
		{2C6A965B-F290-45B7-B360-EAC0F354407D} = {BD719077-4153-4236-BAEE-7EF571CC0989}
		{B0F90F74-3AC8-4C4D-8B60-076E76286D16} = {BD719077-4153-4236-BAEE-7EF571CC0989}
		{150913A7-210D-4823-A7C2-E4493F47E4E4} = {BD719077-4153-4236-BAEE-7EF571CC0989}
		{722B824B-F58C-4C89-B8FA-80F2B1AA25BE} = {6DFED109-738A-4ECA-A344-3A1054C95C51}
		{59C2EE5A-D431-49A8-9384-DB1221463556} = {0E5E1D75-D6D8-4297-B030-FAD395F64DA3}
		{ED9A5DCC-88B8-4BA4-8446-470A9732FAAF} = {86B490A2-0D00-4F49-A44B-BBB2E877DA1F}
		{B560C1CB-B630-413B-8235-86AE215F887F} = {86B490A2-0D00-4F49-A44B-BBB2E877DA1F}
		{A4343566-8139-4965-B7E1-8359733EB293} = {86B490A2-0D00-4F49-A44B-BBB2E877DA1F}
	EndGlobalSection
EndGlobal
